
Microsoft Visual Studio Solution File, Format Version 12.00
# Visual Studio Version 17
VisualStudioVersion = 17.14.36327.8 d17.14
MinimumVisualStudioVersion = 10.0.40219.1
Project("{8BC9CEB8-8B4A-11D0-8D11-00A0C91BC942}") = "minesweeper", "minesweeper.vcxproj", "{A8AEF920-5C2C-4AEC-96C5-F540B53A665A}"
EndProject
Global
	GlobalSection(SolutionConfigurationPlatforms) = preSolution
		Debug|x64 = Debug|x64
		Debug|x86 = Debug|x86
		Release|x64 = Release|x64
		Release|x86 = Release|x86
	EndGlobalSection
	GlobalSection(ProjectConfigurationPlatforms) = postSolution
		{A8AEF920-5C2C-4AEC-96C5-F540B53A665A}.Debug|x64.ActiveCfg = Debug|x64
		{A8AEF920-5C2C-4AEC-96C5-F540B53A665A}.Debug|x64.Build.0 = Debug|x64
		{A8AEF920-5C2C-4AEC-96C5-F540B53A665A}.Debug|x86.ActiveCfg = Debug|Win32
		{A8AEF920-5C2C-4AEC-96C5-F540B53A665A}.Debug|x86.Build.0 = Debug|Win32
		{A8AEF920-5C2C-4AEC-96C5-F540B53A665A}.Release|x64.ActiveCfg = Release|x64
		{A8AEF920-5C2C-4AEC-96C5-F540B53A665A}.Release|x64.Build.0 = Release|x64
		{A8AEF920-5C2C-4AEC-96C5-F540B53A665A}.Release|x86.ActiveCfg = Release|Win32
		{A8AEF920-5C2C-4AEC-96C5-F540B53A665A}.Release|x86.Build.0 = Release|Win32
	EndGlobalSection
	GlobalSection(SolutionProperties) = preSolution
		HideSolutionNode = FALSE
	EndGlobalSection
	GlobalSection(ExtensibilityGlobals) = postSolution
		SolutionGuid = {23E2AACA-7A7A-4E3C-97D9-19A381CEA040}
	EndGlobalSection
EndGlobal
